
Microsoft Visual Studio Solution File, Format Version 12.00
# Visual Studio Version 17
VisualStudioVersion = 17.5.33424.131
MinimumVisualStudioVersion = 10.0.40219.1
Project("{2150E333-8FDC-42A3-9474-1A3956D46DE8}") = "API", "API", "{DF4EBA88-6C93-439E-AA0E-E23563D3B057}"
EndProject
Project("{2150E333-8FDC-42A3-9474-1A3956D46DE8}") = "Domain", "Domain", "{EA44EFC1-585D-4CE9-AAD1-BE7545A19B4D}"
EndProject
Project("{2150E333-8FDC-42A3-9474-1A3956D46DE8}") = "Infrastructure", "Infrastructure", "{E6370B81-CAF2-423D-97C7-D03071E5AAED}"
EndProject
Project("{9A19103F-16F7-4668-BE54-9A1E7A4F7556}") = "VirtualEducation.DDD.API", "VirtualEducation.DDD.API\VirtualEducation.DDD.API.csproj", "{B201E699-A5FF-4319-99B4-A95AB86990CD}"
EndProject
Project("{9A19103F-16F7-4668-BE54-9A1E7A4F7556}") = "VirtualEducation.DDD.Domain", "VirtualEducation.DDD.Domain\VirtualEducation.DDD.Domain.csproj", "{60099E7C-BFFE-46F3-B4A4-F379C8F87B32}"
EndProject
Project("{9A19103F-16F7-4668-BE54-9A1E7A4F7556}") = "VirtualEducation.DDD.Infrastructure", "VirtualEducation.DDD.Infrastructure\VirtualEducation.DDD.Infrastructure.csproj", "{22EA849C-641A-4E48-9510-C3EC23710837}"
EndProject
Project("{FAE04EC0-301F-11D3-BF4B-00C04F79EFBC}") = "VirtualEducation.DDD.Domain.UseCases", "VirtualEducation.DDD.Domain.UseCases\VirtualEducation.DDD.Domain.UseCases.csproj", "{78CC7BCA-B1D9-45B5-BED9-B754A756D49D}"
EndProject
Global
	GlobalSection(SolutionConfigurationPlatforms) = preSolution
		Debug|Any CPU = Debug|Any CPU
		Release|Any CPU = Release|Any CPU
	EndGlobalSection
	GlobalSection(ProjectConfigurationPlatforms) = postSolution
		{B201E699-A5FF-4319-99B4-A95AB86990CD}.Debug|Any CPU.ActiveCfg = Debug|Any CPU
		{B201E699-A5FF-4319-99B4-A95AB86990CD}.Debug|Any CPU.Build.0 = Debug|Any CPU
		{B201E699-A5FF-4319-99B4-A95AB86990CD}.Release|Any CPU.ActiveCfg = Release|Any CPU
		{B201E699-A5FF-4319-99B4-A95AB86990CD}.Release|Any CPU.Build.0 = Release|Any CPU
		{60099E7C-BFFE-46F3-B4A4-F379C8F87B32}.Debug|Any CPU.ActiveCfg = Debug|Any CPU
		{60099E7C-BFFE-46F3-B4A4-F379C8F87B32}.Debug|Any CPU.Build.0 = Debug|Any CPU
		{60099E7C-BFFE-46F3-B4A4-F379C8F87B32}.Release|Any CPU.ActiveCfg = Release|Any CPU
		{60099E7C-BFFE-46F3-B4A4-F379C8F87B32}.Release|Any CPU.Build.0 = Release|Any CPU
		{22EA849C-641A-4E48-9510-C3EC23710837}.Debug|Any CPU.ActiveCfg = Debug|Any CPU
		{22EA849C-641A-4E48-9510-C3EC23710837}.Debug|Any CPU.Build.0 = Debug|Any CPU
		{22EA849C-641A-4E48-9510-C3EC23710837}.Release|Any CPU.ActiveCfg = Release|Any CPU
		{22EA849C-641A-4E48-9510-C3EC23710837}.Release|Any CPU.Build.0 = Release|Any CPU
		{78CC7BCA-B1D9-45B5-BED9-B754A756D49D}.Debug|Any CPU.ActiveCfg = Debug|Any CPU
		{78CC7BCA-B1D9-45B5-BED9-B754A756D49D}.Debug|Any CPU.Build.0 = Debug|Any CPU
		{78CC7BCA-B1D9-45B5-BED9-B754A756D49D}.Release|Any CPU.ActiveCfg = Release|Any CPU
		{78CC7BCA-B1D9-45B5-BED9-B754A756D49D}.Release|Any CPU.Build.0 = Release|Any CPU
	EndGlobalSection
	GlobalSection(SolutionProperties) = preSolution
		HideSolutionNode = FALSE
	EndGlobalSection
	GlobalSection(NestedProjects) = preSolution
		{B201E699-A5FF-4319-99B4-A95AB86990CD} = {DF4EBA88-6C93-439E-AA0E-E23563D3B057}
		{60099E7C-BFFE-46F3-B4A4-F379C8F87B32} = {EA44EFC1-585D-4CE9-AAD1-BE7545A19B4D}
		{22EA849C-641A-4E48-9510-C3EC23710837} = {E6370B81-CAF2-423D-97C7-D03071E5AAED}
		{78CC7BCA-B1D9-45B5-BED9-B754A756D49D} = {EA44EFC1-585D-4CE9-AAD1-BE7545A19B4D}
	EndGlobalSection
	GlobalSection(ExtensibilityGlobals) = postSolution
		SolutionGuid = {1ACEC95A-9FA3-4701-B180-8FF4C55D9A12}
	EndGlobalSection
EndGlobal
